
Microsoft Visual Studio Solution File, Format Version 12.00
# Visual Studio Version 17
VisualStudioVersion = 17.7.34031.279
MinimumVisualStudioVersion = 10.0.40219.1
Project("{8BC9CEB8-8B4A-11D0-8D11-00A0C91BC942}") = "biliard_proj_1", "biliard_proj_1\biliard_proj_1.vcxproj", "{585415F6-BE36-442D-9CBA-5338F971CFCE}"
EndProject
Global
	GlobalSection(SolutionConfigurationPlatforms) = preSolution
		Debug|x64 = Debug|x64
		Debug|x86 = Debug|x86
		Release|x64 = Release|x64
		Release|x86 = Release|x86
	EndGlobalSection
	GlobalSection(ProjectConfigurationPlatforms) = postSolution
		{585415F6-BE36-442D-9CBA-5338F971CFCE}.Debug|x64.ActiveCfg = Debug|x64
		{585415F6-BE36-442D-9CBA-5338F971CFCE}.Debug|x64.Build.0 = Debug|x64
		{585415F6-BE36-442D-9CBA-5338F971CFCE}.Debug|x86.ActiveCfg = Debug|Win32
		{585415F6-BE36-442D-9CBA-5338F971CFCE}.Debug|x86.Build.0 = Debug|Win32
		{585415F6-BE36-442D-9CBA-5338F971CFCE}.Release|x64.ActiveCfg = Release|x64
		{585415F6-BE36-442D-9CBA-5338F971CFCE}.Release|x64.Build.0 = Release|x64
		{585415F6-BE36-442D-9CBA-5338F971CFCE}.Release|x86.ActiveCfg = Release|Win32
		{585415F6-BE36-442D-9CBA-5338F971CFCE}.Release|x86.Build.0 = Release|Win32
	EndGlobalSection
	GlobalSection(SolutionProperties) = preSolution
		HideSolutionNode = FALSE
	EndGlobalSection
	GlobalSection(ExtensibilityGlobals) = postSolution
		SolutionGuid = {7747AD55-2A4C-4A0E-B50E-38B84FD12860}
	EndGlobalSection
EndGlobal
